
Microsoft Visual Studio Solution File, Format Version 12.00
# Visual Studio 2017
Project("{FAE04EC0-301F-11D3-BF4B-00C04F79EFBC}") = "spaceShooter", "spaceShooter.csproj", "{B1C4AF9D-028F-5481-F912-C51F6AC59CE6}"
EndProject
Project("{FAE04EC0-301F-11D3-BF4B-00C04F79EFBC}") = "spaceShooter.Editor", "spaceShooter.Editor.csproj", "{7532D439-9F1C-993B-C27D-7DE7827678EC}"
EndProject
Global
	GlobalSection(SolutionConfigurationPlatforms) = preSolution
		Debug|Any CPU = Debug|Any CPU
		Release|Any CPU = Release|Any CPU
	EndGlobalSection
	GlobalSection(ProjectConfigurationPlatforms) = postSolution
		{B1C4AF9D-028F-5481-F912-C51F6AC59CE6}.Debug|Any CPU.ActiveCfg = Debug|Any CPU
		{B1C4AF9D-028F-5481-F912-C51F6AC59CE6}.Debug|Any CPU.Build.0 = Debug|Any CPU
		{B1C4AF9D-028F-5481-F912-C51F6AC59CE6}.Release|Any CPU.ActiveCfg = Release|Any CPU
		{B1C4AF9D-028F-5481-F912-C51F6AC59CE6}.Release|Any CPU.Build.0 = Release|Any CPU
		{7532D439-9F1C-993B-C27D-7DE7827678EC}.Debug|Any CPU.ActiveCfg = Debug|Any CPU
		{7532D439-9F1C-993B-C27D-7DE7827678EC}.Debug|Any CPU.Build.0 = Debug|Any CPU
		{7532D439-9F1C-993B-C27D-7DE7827678EC}.Release|Any CPU.ActiveCfg = Release|Any CPU
		{7532D439-9F1C-993B-C27D-7DE7827678EC}.Release|Any CPU.Build.0 = Release|Any CPU
	EndGlobalSection
	GlobalSection(SolutionProperties) = preSolution
		HideSolutionNode = FALSE
	EndGlobalSection
EndGlobal
